
Microsoft Visual Studio Solution File, Format Version 12.00
# Visual Studio Version 16
VisualStudioVersion = 16.0.29319.158
MinimumVisualStudioVersion = 10.0.40219.1
Project("{9A19103F-16F7-4668-BE54-9A1E7A4F7556}") = "HoustonTranStar", "HoustonTranStar.csproj", "{E5DE06D0-7283-47EB-9D39-15C087EF53EF}"
EndProject
Global
	GlobalSection(SolutionConfigurationPlatforms) = preSolution
		Debug|Any CPU = Debug|Any CPU
		Release|Any CPU = Release|Any CPU
	EndGlobalSection
	GlobalSection(ProjectConfigurationPlatforms) = postSolution
		{E5DE06D0-7283-47EB-9D39-15C087EF53EF}.Debug|Any CPU.ActiveCfg = Debug|Any CPU
		{E5DE06D0-7283-47EB-9D39-15C087EF53EF}.Debug|Any CPU.Build.0 = Debug|Any CPU
		{E5DE06D0-7283-47EB-9D39-15C087EF53EF}.Release|Any CPU.ActiveCfg = Release|Any CPU
		{E5DE06D0-7283-47EB-9D39-15C087EF53EF}.Release|Any CPU.Build.0 = Release|Any CPU
	EndGlobalSection
	GlobalSection(SolutionProperties) = preSolution
		HideSolutionNode = FALSE
	EndGlobalSection
	GlobalSection(ExtensibilityGlobals) = postSolution
		SolutionGuid = {69B4FD93-72A0-4927-B5E9-1A4FE3DD1B9C}
	EndGlobalSection
EndGlobal
